
Microsoft Visual Studio Solution File, Format Version 12.00
# Visual Studio Version 17
VisualStudioVersion = 17.1.32210.238
MinimumVisualStudioVersion = 10.0.40219.1
Project("{FAE04EC0-301F-11D3-BF4B-00C04F79EFBC}") = "Homework 3_2", "Homework 3_2.csproj", "{1F84590C-5860-4B0C-B7B6-850AEE2A8E08}"
EndProject
Global
	GlobalSection(SolutionConfigurationPlatforms) = preSolution
		Debug|Any CPU = Debug|Any CPU
		Release|Any CPU = Release|Any CPU
	EndGlobalSection
	GlobalSection(ProjectConfigurationPlatforms) = postSolution
		{1F84590C-5860-4B0C-B7B6-850AEE2A8E08}.Debug|Any CPU.ActiveCfg = Debug|Any CPU
		{1F84590C-5860-4B0C-B7B6-850AEE2A8E08}.Debug|Any CPU.Build.0 = Debug|Any CPU
		{1F84590C-5860-4B0C-B7B6-850AEE2A8E08}.Release|Any CPU.ActiveCfg = Release|Any CPU
		{1F84590C-5860-4B0C-B7B6-850AEE2A8E08}.Release|Any CPU.Build.0 = Release|Any CPU
	EndGlobalSection
	GlobalSection(SolutionProperties) = preSolution
		HideSolutionNode = FALSE
	EndGlobalSection
	GlobalSection(ExtensibilityGlobals) = postSolution
		SolutionGuid = {25B96B6D-6140-4FB8-AF9B-B1E7D4166F83}
	EndGlobalSection
EndGlobal
