
Microsoft Visual Studio Solution File, Format Version 12.00
# Visual Studio Version 17
VisualStudioVersion = 17.1.32210.238
MinimumVisualStudioVersion = 10.0.40219.1
Project("{FAE04EC0-301F-11D3-BF4B-00C04F79EFBC}") = "Homework4_4", "Homework4_4.csproj", "{51297E5B-E7DE-417D-A6FF-89492B76CB81}"
EndProject
Global
	GlobalSection(SolutionConfigurationPlatforms) = preSolution
		Debug|Any CPU = Debug|Any CPU
		Release|Any CPU = Release|Any CPU
	EndGlobalSection
	GlobalSection(ProjectConfigurationPlatforms) = postSolution
		{51297E5B-E7DE-417D-A6FF-89492B76CB81}.Debug|Any CPU.ActiveCfg = Debug|Any CPU
		{51297E5B-E7DE-417D-A6FF-89492B76CB81}.Debug|Any CPU.Build.0 = Debug|Any CPU
		{51297E5B-E7DE-417D-A6FF-89492B76CB81}.Release|Any CPU.ActiveCfg = Release|Any CPU
		{51297E5B-E7DE-417D-A6FF-89492B76CB81}.Release|Any CPU.Build.0 = Release|Any CPU
	EndGlobalSection
	GlobalSection(SolutionProperties) = preSolution
		HideSolutionNode = FALSE
	EndGlobalSection
	GlobalSection(ExtensibilityGlobals) = postSolution
		SolutionGuid = {CDBB5933-A364-4D74-AD09-1ECE4DCB87D3}
	EndGlobalSection
EndGlobal
